
Microsoft Visual Studio Solution File, Format Version 12.00
# Visual Studio 15
VisualStudioVersion = 15.0.28307.271
MinimumVisualStudioVersion = 15.0.26124.0
Project("{2150E333-8FDC-42A3-9474-1A3956D46DE8}") = "src", "src", "{E1E665CC-D6FE-4CE6-BEB9-24D391640D6E}"
EndProject
Project("{9A19103F-16F7-4668-BE54-9A1E7A4F7556}") = "SecretSanta.Domain", "src\SecretSanta.Domain\SecretSanta.Domain.csproj", "{E0756FD8-F696-4BBE-94EB-24C0D92428FC}"
EndProject
Project("{2150E333-8FDC-42A3-9474-1A3956D46DE8}") = "test", "test", "{4C07331D-1B6C-47D0-8EEC-DA037185502B}"
EndProject
Project("{9A19103F-16F7-4668-BE54-9A1E7A4F7556}") = "SecretSanta.Domain.Tests", "test\SecretSanta.Domain.Tests\SecretSanta.Domain.Tests.csproj", "{6468AEA9-72CC-4A3B-9B0B-33A37B85D0FE}"
EndProject
Project("{9A19103F-16F7-4668-BE54-9A1E7A4F7556}") = "SecretSanta.Library", "SecretSanta.Library\SecretSanta.Library.csproj", "{326617FC-80F1-4AD7-9B35-159720E0EC8C}"
EndProject
Project("{9A19103F-16F7-4668-BE54-9A1E7A4F7556}") = "SecretSanta.Library.Tests", "SecretSanta.Library.Tests\SecretSanta.Library.Tests.csproj", "{B3CA06F1-DDCA-464C-A67B-7F8E03AAA771}"
EndProject
Global
	GlobalSection(SolutionConfigurationPlatforms) = preSolution
		Debug|Any CPU = Debug|Any CPU
		Debug|x64 = Debug|x64
		Debug|x86 = Debug|x86
		Release|Any CPU = Release|Any CPU
		Release|x64 = Release|x64
		Release|x86 = Release|x86
	EndGlobalSection
	GlobalSection(ProjectConfigurationPlatforms) = postSolution
		{E0756FD8-F696-4BBE-94EB-24C0D92428FC}.Debug|Any CPU.ActiveCfg = Debug|Any CPU
		{E0756FD8-F696-4BBE-94EB-24C0D92428FC}.Debug|Any CPU.Build.0 = Debug|Any CPU
		{E0756FD8-F696-4BBE-94EB-24C0D92428FC}.Debug|x64.ActiveCfg = Debug|Any CPU
		{E0756FD8-F696-4BBE-94EB-24C0D92428FC}.Debug|x64.Build.0 = Debug|Any CPU
		{E0756FD8-F696-4BBE-94EB-24C0D92428FC}.Debug|x86.ActiveCfg = Debug|Any CPU
		{E0756FD8-F696-4BBE-94EB-24C0D92428FC}.Debug|x86.Build.0 = Debug|Any CPU
		{E0756FD8-F696-4BBE-94EB-24C0D92428FC}.Release|Any CPU.ActiveCfg = Release|Any CPU
		{E0756FD8-F696-4BBE-94EB-24C0D92428FC}.Release|Any CPU.Build.0 = Release|Any CPU
		{E0756FD8-F696-4BBE-94EB-24C0D92428FC}.Release|x64.ActiveCfg = Release|Any CPU
		{E0756FD8-F696-4BBE-94EB-24C0D92428FC}.Release|x64.Build.0 = Release|Any CPU
		{E0756FD8-F696-4BBE-94EB-24C0D92428FC}.Release|x86.ActiveCfg = Release|Any CPU
		{E0756FD8-F696-4BBE-94EB-24C0D92428FC}.Release|x86.Build.0 = Release|Any CPU
		{6468AEA9-72CC-4A3B-9B0B-33A37B85D0FE}.Debug|Any CPU.ActiveCfg = Debug|Any CPU
		{6468AEA9-72CC-4A3B-9B0B-33A37B85D0FE}.Debug|Any CPU.Build.0 = Debug|Any CPU
		{6468AEA9-72CC-4A3B-9B0B-33A37B85D0FE}.Debug|x64.ActiveCfg = Debug|Any CPU
		{6468AEA9-72CC-4A3B-9B0B-33A37B85D0FE}.Debug|x64.Build.0 = Debug|Any CPU
		{6468AEA9-72CC-4A3B-9B0B-33A37B85D0FE}.Debug|x86.ActiveCfg = Debug|Any CPU
		{6468AEA9-72CC-4A3B-9B0B-33A37B85D0FE}.Debug|x86.Build.0 = Debug|Any CPU
		{6468AEA9-72CC-4A3B-9B0B-33A37B85D0FE}.Release|Any CPU.ActiveCfg = Release|Any CPU
		{6468AEA9-72CC-4A3B-9B0B-33A37B85D0FE}.Release|Any CPU.Build.0 = Release|Any CPU
		{6468AEA9-72CC-4A3B-9B0B-33A37B85D0FE}.Release|x64.ActiveCfg = Release|Any CPU
		{6468AEA9-72CC-4A3B-9B0B-33A37B85D0FE}.Release|x64.Build.0 = Release|Any CPU
		{6468AEA9-72CC-4A3B-9B0B-33A37B85D0FE}.Release|x86.ActiveCfg = Release|Any CPU
		{6468AEA9-72CC-4A3B-9B0B-33A37B85D0FE}.Release|x86.Build.0 = Release|Any CPU
		{326617FC-80F1-4AD7-9B35-159720E0EC8C}.Debug|Any CPU.ActiveCfg = Debug|Any CPU
		{326617FC-80F1-4AD7-9B35-159720E0EC8C}.Debug|Any CPU.Build.0 = Debug|Any CPU
		{326617FC-80F1-4AD7-9B35-159720E0EC8C}.Debug|x64.ActiveCfg = Debug|Any CPU
		{326617FC-80F1-4AD7-9B35-159720E0EC8C}.Debug|x64.Build.0 = Debug|Any CPU
		{326617FC-80F1-4AD7-9B35-159720E0EC8C}.Debug|x86.ActiveCfg = Debug|Any CPU
		{326617FC-80F1-4AD7-9B35-159720E0EC8C}.Debug|x86.Build.0 = Debug|Any CPU
		{326617FC-80F1-4AD7-9B35-159720E0EC8C}.Release|Any CPU.ActiveCfg = Release|Any CPU
		{326617FC-80F1-4AD7-9B35-159720E0EC8C}.Release|Any CPU.Build.0 = Release|Any CPU
		{326617FC-80F1-4AD7-9B35-159720E0EC8C}.Release|x64.ActiveCfg = Release|Any CPU
		{326617FC-80F1-4AD7-9B35-159720E0EC8C}.Release|x64.Build.0 = Release|Any CPU
		{326617FC-80F1-4AD7-9B35-159720E0EC8C}.Release|x86.ActiveCfg = Release|Any CPU
		{326617FC-80F1-4AD7-9B35-159720E0EC8C}.Release|x86.Build.0 = Release|Any CPU
		{B3CA06F1-DDCA-464C-A67B-7F8E03AAA771}.Debug|Any CPU.ActiveCfg = Debug|Any CPU
		{B3CA06F1-DDCA-464C-A67B-7F8E03AAA771}.Debug|Any CPU.Build.0 = Debug|Any CPU
		{B3CA06F1-DDCA-464C-A67B-7F8E03AAA771}.Debug|x64.ActiveCfg = Debug|Any CPU
		{B3CA06F1-DDCA-464C-A67B-7F8E03AAA771}.Debug|x64.Build.0 = Debug|Any CPU
		{B3CA06F1-DDCA-464C-A67B-7F8E03AAA771}.Debug|x86.ActiveCfg = Debug|Any CPU
		{B3CA06F1-DDCA-464C-A67B-7F8E03AAA771}.Debug|x86.Build.0 = Debug|Any CPU
		{B3CA06F1-DDCA-464C-A67B-7F8E03AAA771}.Release|Any CPU.ActiveCfg = Release|Any CPU
		{B3CA06F1-DDCA-464C-A67B-7F8E03AAA771}.Release|Any CPU.Build.0 = Release|Any CPU
		{B3CA06F1-DDCA-464C-A67B-7F8E03AAA771}.Release|x64.ActiveCfg = Release|Any CPU
		{B3CA06F1-DDCA-464C-A67B-7F8E03AAA771}.Release|x64.Build.0 = Release|Any CPU
		{B3CA06F1-DDCA-464C-A67B-7F8E03AAA771}.Release|x86.ActiveCfg = Release|Any CPU
		{B3CA06F1-DDCA-464C-A67B-7F8E03AAA771}.Release|x86.Build.0 = Release|Any CPU
	EndGlobalSection
	GlobalSection(SolutionProperties) = preSolution
		HideSolutionNode = FALSE
	EndGlobalSection
	GlobalSection(NestedProjects) = preSolution
		{E0756FD8-F696-4BBE-94EB-24C0D92428FC} = {E1E665CC-D6FE-4CE6-BEB9-24D391640D6E}
		{6468AEA9-72CC-4A3B-9B0B-33A37B85D0FE} = {4C07331D-1B6C-47D0-8EEC-DA037185502B}
		{326617FC-80F1-4AD7-9B35-159720E0EC8C} = {E1E665CC-D6FE-4CE6-BEB9-24D391640D6E}
		{B3CA06F1-DDCA-464C-A67B-7F8E03AAA771} = {4C07331D-1B6C-47D0-8EEC-DA037185502B}
	EndGlobalSection
	GlobalSection(ExtensibilityGlobals) = postSolution
		SolutionGuid = {7D2B2361-C475-48EC-8C51-1A4756F92B23}
	EndGlobalSection
EndGlobal
