
Microsoft Visual Studio Solution File, Format Version 12.00
# Visual Studio 15
VisualStudioVersion = 15.0.26124.0
MinimumVisualStudioVersion = 15.0.26124.0
Project("{FAE04EC0-301F-11D3-BF4B-00C04F79EFBC}") = "LotteryLibrary", "LotteryLibrary\LotteryLibrary.csproj", "{E99F1B81-8CE3-4730-8A70-235FED7F497A}"
EndProject
Project("{FAE04EC0-301F-11D3-BF4B-00C04F79EFBC}") = "LotteryLibrary.Tests", "LotteryLibrary.Tests\LotteryLibrary.Tests.csproj", "{6B73C8F1-1D5E-44EA-9A5B-2FF3ACEE4A35}"
EndProject
Global
	GlobalSection(SolutionConfigurationPlatforms) = preSolution
		Debug|Any CPU = Debug|Any CPU
		Release|Any CPU = Release|Any CPU
	EndGlobalSection
	GlobalSection(ProjectConfigurationPlatforms) = postSolution
		{E99F1B81-8CE3-4730-8A70-235FED7F497A}.Debug|Any CPU.ActiveCfg = Debug|Any CPU
		{E99F1B81-8CE3-4730-8A70-235FED7F497A}.Debug|Any CPU.Build.0 = Debug|Any CPU
		{E99F1B81-8CE3-4730-8A70-235FED7F497A}.Release|Any CPU.ActiveCfg = Release|Any CPU
		{E99F1B81-8CE3-4730-8A70-235FED7F497A}.Release|Any CPU.Build.0 = Release|Any CPU
		{6B73C8F1-1D5E-44EA-9A5B-2FF3ACEE4A35}.Debug|Any CPU.ActiveCfg = Debug|Any CPU
		{6B73C8F1-1D5E-44EA-9A5B-2FF3ACEE4A35}.Debug|Any CPU.Build.0 = Debug|Any CPU
		{6B73C8F1-1D5E-44EA-9A5B-2FF3ACEE4A35}.Release|Any CPU.ActiveCfg = Release|Any CPU
		{6B73C8F1-1D5E-44EA-9A5B-2FF3ACEE4A35}.Release|Any CPU.Build.0 = Release|Any CPU
	EndGlobalSection
	GlobalSection(SolutionProperties) = preSolution
		HideSolutionNode = FALSE
	EndGlobalSection
	GlobalSection(ExtensibilityGlobals) = postSolution
		SolutionGuid = {0B4B07AB-8767-4AFD-AF81-229CBFD96ECC}
	EndGlobalSection
EndGlobal
